// !$*UTF8*$!
{
	archiveVersion = 1;
	classes = {
	};
	objectVersion = 48;
	objects = {

/* Begin PBXBuildFile section */
		1D119CD41F216D0D00CD317D /* PopUpViewController.swift in Sources */ = {isa = PBXBuildFile; fileRef = 1D119CD31F216D0D00CD317D /* PopUpViewController.swift */; };
		1DA6DAAA1F15C4B500B6FE32 /* AddPetViewController.swift in Sources */ = {isa = PBXBuildFile; fileRef = 1DA6DAA91F15C4B500B6FE32 /* AddPetViewController.swift */; };
		1DEE8BF71F1F0805001D632F /* HealthViewController.swift in Sources */ = {isa = PBXBuildFile; fileRef = 1DEE8BF61F1F0805001D632F /* HealthViewController.swift */; };
		D700BB561F1B2CB600822AD6 /* ImageCustomFlowLayout.swift in Sources */ = {isa = PBXBuildFile; fileRef = D700BB551F1B2CB600822AD6 /* ImageCustomFlowLayout.swift */; };
		D70D1C141F1440C300FFAD15 /* CoreDataManager.swift in Sources */ = {isa = PBXBuildFile; fileRef = D70D1C131F1440C300FFAD15 /* CoreDataManager.swift */; };
		D70D1C181F1546D600FFAD15 /* GeneralProtocols.swift in Sources */ = {isa = PBXBuildFile; fileRef = D70D1C171F1546D600FFAD15 /* GeneralProtocols.swift */; };
		D71882B61F27C7BC001B94EF /* Constants.swift in Sources */ = {isa = PBXBuildFile; fileRef = D71882B51F27C7BC001B94EF /* Constants.swift */; };
		D75E43391F1B26C10053E735 /* PetLocationsViewController.swift in Sources */ = {isa = PBXBuildFile; fileRef = D75E43381F1B26C10053E735 /* PetLocationsViewController.swift */; };
		D76EDDEF1F10935100A8170E /* PetNameCell.swift in Sources */ = {isa = PBXBuildFile; fileRef = D76EDDEE1F10935100A8170E /* PetNameCell.swift */; };
		D77211D41F22CCE7004B4A1E /* Health+CoreDataClass.swift in Sources */ = {isa = PBXBuildFile; fileRef = D77211C81F22CCE7004B4A1E /* Health+CoreDataClass.swift */; };
		D77211D51F22CCE7004B4A1E /* Health+CoreDataProperties.swift in Sources */ = {isa = PBXBuildFile; fileRef = D77211C91F22CCE7004B4A1E /* Health+CoreDataProperties.swift */; };
		D77211D61F22CCE7004B4A1E /* Pet+CoreDataClass.swift in Sources */ = {isa = PBXBuildFile; fileRef = D77211CA1F22CCE7004B4A1E /* Pet+CoreDataClass.swift */; };
		D77211D71F22CCE7004B4A1E /* Pet+CoreDataProperties.swift in Sources */ = {isa = PBXBuildFile; fileRef = D77211CB1F22CCE7004B4A1E /* Pet+CoreDataProperties.swift */; };
		D77211D81F22CCE7004B4A1E /* Medicine+CoreDataClass.swift in Sources */ = {isa = PBXBuildFile; fileRef = D77211CC1F22CCE7004B4A1E /* Medicine+CoreDataClass.swift */; };
		D77211D91F22CCE7004B4A1E /* Medicine+CoreDataProperties.swift in Sources */ = {isa = PBXBuildFile; fileRef = D77211CD1F22CCE7004B4A1E /* Medicine+CoreDataProperties.swift */; };
		D77211DA1F22CCE7004B4A1E /* PetImages+CoreDataClass.swift in Sources */ = {isa = PBXBuildFile; fileRef = D77211CE1F22CCE7004B4A1E /* PetImages+CoreDataClass.swift */; };
		D77211DB1F22CCE7004B4A1E /* PetImages+CoreDataProperties.swift in Sources */ = {isa = PBXBuildFile; fileRef = D77211CF1F22CCE7004B4A1E /* PetImages+CoreDataProperties.swift */; };
		D77211DC1F22CCE7004B4A1E /* Weight+CoreDataClass.swift in Sources */ = {isa = PBXBuildFile; fileRef = D77211D01F22CCE7004B4A1E /* Weight+CoreDataClass.swift */; };
		D77211DD1F22CCE7004B4A1E /* Weight+CoreDataProperties.swift in Sources */ = {isa = PBXBuildFile; fileRef = D77211D11F22CCE7004B4A1E /* Weight+CoreDataProperties.swift */; };
		D77211DE1F22CCE7004B4A1E /* Vaccines+CoreDataClass.swift in Sources */ = {isa = PBXBuildFile; fileRef = D77211D21F22CCE7004B4A1E /* Vaccines+CoreDataClass.swift */; };
		D77211DF1F22CCE7004B4A1E /* Vaccines+CoreDataProperties.swift in Sources */ = {isa = PBXBuildFile; fileRef = D77211D31F22CCE7004B4A1E /* Vaccines+CoreDataProperties.swift */; };
		D79D3A291F12A7EF008CBA69 /* GeneralExtensions.swift in Sources */ = {isa = PBXBuildFile; fileRef = D79D3A281F12A7EF008CBA69 /* GeneralExtensions.swift */; };
		D7ADB5771F0BFCBC0054F345 /* AppDelegate.swift in Sources */ = {isa = PBXBuildFile; fileRef = D7ADB5761F0BFCBB0054F345 /* AppDelegate.swift */; };
		D7ADB5791F0BFCBC0054F345 /* MainViewController.swift in Sources */ = {isa = PBXBuildFile; fileRef = D7ADB5781F0BFCBC0054F345 /* MainViewController.swift */; };
		D7ADB57C1F0BFCBC0054F345 /* Main.storyboard in Resources */ = {isa = PBXBuildFile; fileRef = D7ADB57A1F0BFCBC0054F345 /* Main.storyboard */; };
		D7ADB57F1F0BFCBC0054F345 /* DogPanion.xcdatamodeld in Sources */ = {isa = PBXBuildFile; fileRef = D7ADB57D1F0BFCBC0054F345 /* DogPanion.xcdatamodeld */; };
		D7ADB5811F0BFCBC0054F345 /* Assets.xcassets in Resources */ = {isa = PBXBuildFile; fileRef = D7ADB5801F0BFCBC0054F345 /* Assets.xcassets */; };
		D7ADB5841F0BFCBC0054F345 /* LaunchScreen.storyboard in Resources */ = {isa = PBXBuildFile; fileRef = D7ADB5821F0BFCBC0054F345 /* LaunchScreen.storyboard */; };
		D7ADB58C1F0C0DEF0054F345 /* PetImageCell.swift in Sources */ = {isa = PBXBuildFile; fileRef = D7ADB58B1F0C0DEF0054F345 /* PetImageCell.swift */; };
		D7C629971F1D3C37004C45F4 /* MapAnnotation.swift in Sources */ = {isa = PBXBuildFile; fileRef = D7C629961F1D3C37004C45F4 /* MapAnnotation.swift */; };
		D7F0B0EE1F11579D006FEA6C /* AddImageViewController.swift in Sources */ = {isa = PBXBuildFile; fileRef = D7F0B0ED1F11579D006FEA6C /* AddImageViewController.swift */; };
/* End PBXBuildFile section */

/* Begin PBXFileReference section */
		1D119CD31F216D0D00CD317D /* PopUpViewController.swift */ = {isa = PBXFileReference; lastKnownFileType = sourcecode.swift; path = PopUpViewController.swift; sourceTree = "<group>"; };
		1DA6DAA91F15C4B500B6FE32 /* AddPetViewController.swift */ = {isa = PBXFileReference; lastKnownFileType = sourcecode.swift; name = AddPetViewController.swift; path = DogPanion/Controller/AddPetViewController.swift; sourceTree = SOURCE_ROOT; };
		1DEE8BF61F1F0805001D632F /* HealthViewController.swift */ = {isa = PBXFileReference; lastKnownFileType = sourcecode.swift; path = HealthViewController.swift; sourceTree = "<group>"; };
		D700BB551F1B2CB600822AD6 /* ImageCustomFlowLayout.swift */ = {isa = PBXFileReference; lastKnownFileType = sourcecode.swift; path = ImageCustomFlowLayout.swift; sourceTree = "<group>"; };
		D70D1C131F1440C300FFAD15 /* CoreDataManager.swift */ = {isa = PBXFileReference; lastKnownFileType = sourcecode.swift; path = CoreDataManager.swift; sourceTree = "<group>"; };
		D70D1C171F1546D600FFAD15 /* GeneralProtocols.swift */ = {isa = PBXFileReference; lastKnownFileType = sourcecode.swift; path = GeneralProtocols.swift; sourceTree = "<group>"; };
		D71882B51F27C7BC001B94EF /* Constants.swift */ = {isa = PBXFileReference; lastKnownFileType = sourcecode.swift; path = Constants.swift; sourceTree = "<group>"; };
		D75E43381F1B26C10053E735 /* PetLocationsViewController.swift */ = {isa = PBXFileReference; lastKnownFileType = sourcecode.swift; path = PetLocationsViewController.swift; sourceTree = "<group>"; };
		D76EDDEE1F10935100A8170E /* PetNameCell.swift */ = {isa = PBXFileReference; lastKnownFileType = sourcecode.swift; path = PetNameCell.swift; sourceTree = "<group>"; };
		D77211C81F22CCE7004B4A1E /* Health+CoreDataClass.swift */ = {isa = PBXFileReference; lastKnownFileType = sourcecode.swift; path = "Health+CoreDataClass.swift"; sourceTree = "<group>"; };
		D77211C91F22CCE7004B4A1E /* Health+CoreDataProperties.swift */ = {isa = PBXFileReference; lastKnownFileType = sourcecode.swift; path = "Health+CoreDataProperties.swift"; sourceTree = "<group>"; };
		D77211CA1F22CCE7004B4A1E /* Pet+CoreDataClass.swift */ = {isa = PBXFileReference; lastKnownFileType = sourcecode.swift; path = "Pet+CoreDataClass.swift"; sourceTree = "<group>"; };
		D77211CB1F22CCE7004B4A1E /* Pet+CoreDataProperties.swift */ = {isa = PBXFileReference; lastKnownFileType = sourcecode.swift; path = "Pet+CoreDataProperties.swift"; sourceTree = "<group>"; };
		D77211CC1F22CCE7004B4A1E /* Medicine+CoreDataClass.swift */ = {isa = PBXFileReference; lastKnownFileType = sourcecode.swift; path = "Medicine+CoreDataClass.swift"; sourceTree = "<group>"; };
		D77211CD1F22CCE7004B4A1E /* Medicine+CoreDataProperties.swift */ = {isa = PBXFileReference; lastKnownFileType = sourcecode.swift; path = "Medicine+CoreDataProperties.swift"; sourceTree = "<group>"; };
		D77211CE1F22CCE7004B4A1E /* PetImages+CoreDataClass.swift */ = {isa = PBXFileReference; lastKnownFileType = sourcecode.swift; path = "PetImages+CoreDataClass.swift"; sourceTree = "<group>"; };
		D77211CF1F22CCE7004B4A1E /* PetImages+CoreDataProperties.swift */ = {isa = PBXFileReference; lastKnownFileType = sourcecode.swift; path = "PetImages+CoreDataProperties.swift"; sourceTree = "<group>"; };
		D77211D01F22CCE7004B4A1E /* Weight+CoreDataClass.swift */ = {isa = PBXFileReference; lastKnownFileType = sourcecode.swift; path = "Weight+CoreDataClass.swift"; sourceTree = "<group>"; };
		D77211D11F22CCE7004B4A1E /* Weight+CoreDataProperties.swift */ = {isa = PBXFileReference; lastKnownFileType = sourcecode.swift; path = "Weight+CoreDataProperties.swift"; sourceTree = "<group>"; };
		D77211D21F22CCE7004B4A1E /* Vaccines+CoreDataClass.swift */ = {isa = PBXFileReference; lastKnownFileType = sourcecode.swift; path = "Vaccines+CoreDataClass.swift"; sourceTree = "<group>"; };
		D77211D31F22CCE7004B4A1E /* Vaccines+CoreDataProperties.swift */ = {isa = PBXFileReference; lastKnownFileType = sourcecode.swift; path = "Vaccines+CoreDataProperties.swift"; sourceTree = "<group>"; };
		D79D3A281F12A7EF008CBA69 /* GeneralExtensions.swift */ = {isa = PBXFileReference; lastKnownFileType = sourcecode.swift; path = GeneralExtensions.swift; sourceTree = "<group>"; };
		D7ADB5731F0BFCBB0054F345 /* DogPanion.app */ = {isa = PBXFileReference; explicitFileType = wrapper.application; includeInIndex = 0; path = DogPanion.app; sourceTree = BUILT_PRODUCTS_DIR; };
		D7ADB5761F0BFCBB0054F345 /* AppDelegate.swift */ = {isa = PBXFileReference; lastKnownFileType = sourcecode.swift; path = AppDelegate.swift; sourceTree = "<group>"; };
		D7ADB5781F0BFCBC0054F345 /* MainViewController.swift */ = {isa = PBXFileReference; lastKnownFileType = sourcecode.swift; path = MainViewController.swift; sourceTree = "<group>"; };
		D7ADB57B1F0BFCBC0054F345 /* Base */ = {isa = PBXFileReference; lastKnownFileType = file.storyboard; name = Base; path = Base.lproj/Main.storyboard; sourceTree = "<group>"; };
		D7ADB57E1F0BFCBC0054F345 /* DogPanion.xcdatamodel */ = {isa = PBXFileReference; lastKnownFileType = wrapper.xcdatamodel; path = DogPanion.xcdatamodel; sourceTree = "<group>"; };
		D7ADB5801F0BFCBC0054F345 /* Assets.xcassets */ = {isa = PBXFileReference; lastKnownFileType = folder.assetcatalog; path = Assets.xcassets; sourceTree = "<group>"; };
		D7ADB5831F0BFCBC0054F345 /* Base */ = {isa = PBXFileReference; lastKnownFileType = file.storyboard; name = Base; path = Base.lproj/LaunchScreen.storyboard; sourceTree = "<group>"; };
		D7ADB5851F0BFCBC0054F345 /* Info.plist */ = {isa = PBXFileReference; lastKnownFileType = text.plist.xml; path = Info.plist; sourceTree = "<group>"; };
		D7ADB58B1F0C0DEF0054F345 /* PetImageCell.swift */ = {isa = PBXFileReference; lastKnownFileType = sourcecode.swift; path = PetImageCell.swift; sourceTree = "<group>"; };
		D7C629961F1D3C37004C45F4 /* MapAnnotation.swift */ = {isa = PBXFileReference; lastKnownFileType = sourcecode.swift; path = MapAnnotation.swift; sourceTree = "<group>"; };
		D7F0B0ED1F11579D006FEA6C /* AddImageViewController.swift */ = {isa = PBXFileReference; lastKnownFileType = sourcecode.swift; name = AddImageViewController.swift; path = DogPanion/Controller/AddImageViewController.swift; sourceTree = SOURCE_ROOT; };
/* End PBXFileReference section */

/* Begin PBXFrameworksBuildPhase section */
		D7ADB5701F0BFCBB0054F345 /* Frameworks */ = {
			isa = PBXFrameworksBuildPhase;
			buildActionMask = 2147483647;
			files = (
			);
			runOnlyForDeploymentPostprocessing = 0;
		};
/* End PBXFrameworksBuildPhase section */

/* Begin PBXGroup section */
		D70D1C191F1546EE00FFAD15 /* Core Data Classes */ = {
			isa = PBXGroup;
			children = (
				D77211C81F22CCE7004B4A1E /* Health+CoreDataClass.swift */,
				D77211C91F22CCE7004B4A1E /* Health+CoreDataProperties.swift */,
				D77211CA1F22CCE7004B4A1E /* Pet+CoreDataClass.swift */,
				D77211CB1F22CCE7004B4A1E /* Pet+CoreDataProperties.swift */,
				D77211CC1F22CCE7004B4A1E /* Medicine+CoreDataClass.swift */,
				D77211CD1F22CCE7004B4A1E /* Medicine+CoreDataProperties.swift */,
				D77211CE1F22CCE7004B4A1E /* PetImages+CoreDataClass.swift */,
				D77211CF1F22CCE7004B4A1E /* PetImages+CoreDataProperties.swift */,
				D77211D01F22CCE7004B4A1E /* Weight+CoreDataClass.swift */,
				D77211D11F22CCE7004B4A1E /* Weight+CoreDataProperties.swift */,
				D77211D21F22CCE7004B4A1E /* Vaccines+CoreDataClass.swift */,
				D77211D31F22CCE7004B4A1E /* Vaccines+CoreDataProperties.swift */,
			);
			name = "Core Data Classes";
			sourceTree = "<group>";
		};
		D7ADB56A1F0BFCBB0054F345 = {
			isa = PBXGroup;
			children = (
				D7ADB5751F0BFCBB0054F345 /* DogPanion */,
				D7ADB5741F0BFCBB0054F345 /* Products */,
			);
			sourceTree = "<group>";
		};
		D7ADB5741F0BFCBB0054F345 /* Products */ = {
			isa = PBXGroup;
			children = (
				D7ADB5731F0BFCBB0054F345 /* DogPanion.app */,
			);
			name = Products;
			sourceTree = "<group>";
		};
		D7ADB5751F0BFCBB0054F345 /* DogPanion */ = {
			isa = PBXGroup;
			children = (
				D7ADB58D1F0C10950054F345 /* App Global */,
				D7BF6B021F0C117B000F6C03 /* Model */,
				D7BF6B001F0C1130000F6C03 /* Controller */,
				D7BF6B011F0C116D000F6C03 /* View */,
				D7ADB5851F0BFCBC0054F345 /* Info.plist */,
			);
			path = DogPanion;
			sourceTree = "<group>";
		};
		D7ADB58D1F0C10950054F345 /* App Global */ = {
			isa = PBXGroup;
			children = (
				D7ADB57D1F0BFCBC0054F345 /* DogPanion.xcdatamodeld */,
				D7ADB5761F0BFCBB0054F345 /* AppDelegate.swift */,
			);
			path = "App Global";
			sourceTree = "<group>";
		};
		D7BF6B001F0C1130000F6C03 /* Controller */ = {
			isa = PBXGroup;
			children = (
				D7F0B0ED1F11579D006FEA6C /* AddImageViewController.swift */,
				1DA6DAA91F15C4B500B6FE32 /* AddPetViewController.swift */,
				1DEE8BF61F1F0805001D632F /* HealthViewController.swift */,
				D7ADB5781F0BFCBC0054F345 /* MainViewController.swift */,
				D75E43381F1B26C10053E735 /* PetLocationsViewController.swift */,
				1D119CD31F216D0D00CD317D /* PopUpViewController.swift */,
				D7BF6B031F0C118B000F6C03 /* Xib/Cell Controllers */,
			);
			path = Controller;
			sourceTree = "<group>";
		};
		D7BF6B011F0C116D000F6C03 /* View */ = {
			isa = PBXGroup;
			children = (
				D7ADB57A1F0BFCBC0054F345 /* Main.storyboard */,
				D7ADB5801F0BFCBC0054F345 /* Assets.xcassets */,
				D7ADB5821F0BFCBC0054F345 /* LaunchScreen.storyboard */,
			);
			path = View;
			sourceTree = "<group>";
		};
		D7BF6B021F0C117B000F6C03 /* Model */ = {
			isa = PBXGroup;
			children = (
				D70D1C191F1546EE00FFAD15 /* Core Data Classes */,
				D71882B51F27C7BC001B94EF /* Constants.swift */,
				D70D1C131F1440C300FFAD15 /* CoreDataManager.swift */,
				D79D3A281F12A7EF008CBA69 /* GeneralExtensions.swift */,
				D70D1C171F1546D600FFAD15 /* GeneralProtocols.swift */,
				D7C629961F1D3C37004C45F4 /* MapAnnotation.swift */,
			);
			path = Model;
			sourceTree = "<group>";
		};
		D7BF6B031F0C118B000F6C03 /* Xib/Cell Controllers */ = {
			isa = PBXGroup;
			children = (
				D7ADB58B1F0C0DEF0054F345 /* PetImageCell.swift */,
				D700BB551F1B2CB600822AD6 /* ImageCustomFlowLayout.swift */,
				D76EDDEE1F10935100A8170E /* PetNameCell.swift */,
			);
			name = "Xib/Cell Controllers";
			sourceTree = "<group>";
		};
/* End PBXGroup section */

/* Begin PBXNativeTarget section */
		D7ADB5721F0BFCBB0054F345 /* DogPanion */ = {
			isa = PBXNativeTarget;
			buildConfigurationList = D7ADB5881F0BFCBC0054F345 /* Build configuration list for PBXNativeTarget "DogPanion" */;
			buildPhases = (
				D7ADB56F1F0BFCBB0054F345 /* Sources */,
				D7ADB5701F0BFCBB0054F345 /* Frameworks */,
				D7ADB5711F0BFCBB0054F345 /* Resources */,
			);
			buildRules = (
			);
			dependencies = (
			);
			name = DogPanion;
			productName = DogPanion;
			productReference = D7ADB5731F0BFCBB0054F345 /* DogPanion.app */;
			productType = "com.apple.product-type.application";
		};
/* End PBXNativeTarget section */

/* Begin PBXProject section */
		D7ADB56B1F0BFCBB0054F345 /* Project object */ = {
			isa = PBXProject;
			attributes = {
				LastSwiftUpdateCheck = 0900;
				LastUpgradeCheck = 0900;
				ORGANIZATIONNAME = "Rick Stoner";
				TargetAttributes = {
					D7ADB5721F0BFCBB0054F345 = {
						CreatedOnToolsVersion = 9.0;
					};
				};
			};
			buildConfigurationList = D7ADB56E1F0BFCBB0054F345 /* Build configuration list for PBXProject "DogPanion" */;
			compatibilityVersion = "Xcode 8.0";
			developmentRegion = en;
			hasScannedForEncodings = 0;
			knownRegions = (
				en,
				Base,
			);
			mainGroup = D7ADB56A1F0BFCBB0054F345;
			productRefGroup = D7ADB5741F0BFCBB0054F345 /* Products */;
			projectDirPath = "";
			projectRoot = "";
			targets = (
				D7ADB5721F0BFCBB0054F345 /* DogPanion */,
			);
		};
/* End PBXProject section */

/* Begin PBXResourcesBuildPhase section */
		D7ADB5711F0BFCBB0054F345 /* Resources */ = {
			isa = PBXResourcesBuildPhase;
			buildActionMask = 2147483647;
			files = (
				D7ADB5841F0BFCBC0054F345 /* LaunchScreen.storyboard in Resources */,
				D7ADB5811F0BFCBC0054F345 /* Assets.xcassets in Resources */,
				D7ADB57C1F0BFCBC0054F345 /* Main.storyboard in Resources */,
			);
			runOnlyForDeploymentPostprocessing = 0;
		};
/* End PBXResourcesBuildPhase section */

/* Begin PBXSourcesBuildPhase section */
		D7ADB56F1F0BFCBB0054F345 /* Sources */ = {
			isa = PBXSourcesBuildPhase;
			buildActionMask = 2147483647;
			files = (
				D79D3A291F12A7EF008CBA69 /* GeneralExtensions.swift in Sources */,
				D77211DF1F22CCE7004B4A1E /* Vaccines+CoreDataProperties.swift in Sources */,
				D77211D81F22CCE7004B4A1E /* Medicine+CoreDataClass.swift in Sources */,
				D7ADB57F1F0BFCBC0054F345 /* DogPanion.xcdatamodeld in Sources */,
				D7ADB58C1F0C0DEF0054F345 /* PetImageCell.swift in Sources */,
				D70D1C181F1546D600FFAD15 /* GeneralProtocols.swift in Sources */,
				D77211DB1F22CCE7004B4A1E /* PetImages+CoreDataProperties.swift in Sources */,
				D7F0B0EE1F11579D006FEA6C /* AddImageViewController.swift in Sources */,
				D7C629971F1D3C37004C45F4 /* MapAnnotation.swift in Sources */,
				D70D1C141F1440C300FFAD15 /* CoreDataManager.swift in Sources */,
				D77211DC1F22CCE7004B4A1E /* Weight+CoreDataClass.swift in Sources */,
				D71882B61F27C7BC001B94EF /* Constants.swift in Sources */,
				D7ADB5791F0BFCBC0054F345 /* MainViewController.swift in Sources */,
				D77211DA1F22CCE7004B4A1E /* PetImages+CoreDataClass.swift in Sources */,
				D77211DD1F22CCE7004B4A1E /* Weight+CoreDataProperties.swift in Sources */,
				D77211D51F22CCE7004B4A1E /* Health+CoreDataProperties.swift in Sources */,
				1DEE8BF71F1F0805001D632F /* HealthViewController.swift in Sources */,
				D700BB561F1B2CB600822AD6 /* ImageCustomFlowLayout.swift in Sources */,
				D7ADB5771F0BFCBC0054F345 /* AppDelegate.swift in Sources */,
				D77211D71F22CCE7004B4A1E /* Pet+CoreDataProperties.swift in Sources */,
				1D119CD41F216D0D00CD317D /* PopUpViewController.swift in Sources */,
				D77211D91F22CCE7004B4A1E /* Medicine+CoreDataProperties.swift in Sources */,
				1DA6DAAA1F15C4B500B6FE32 /* AddPetViewController.swift in Sources */,
				D77211DE1F22CCE7004B4A1E /* Vaccines+CoreDataClass.swift in Sources */,
				D76EDDEF1F10935100A8170E /* PetNameCell.swift in Sources */,
				D75E43391F1B26C10053E735 /* PetLocationsViewController.swift in Sources */,
				D77211D41F22CCE7004B4A1E /* Health+CoreDataClass.swift in Sources */,
				D77211D61F22CCE7004B4A1E /* Pet+CoreDataClass.swift in Sources */,
			);
			runOnlyForDeploymentPostprocessing = 0;
		};
/* End PBXSourcesBuildPhase section */

/* Begin PBXVariantGroup section */
		D7ADB57A1F0BFCBC0054F345 /* Main.storyboard */ = {
			isa = PBXVariantGroup;
			children = (
				D7ADB57B1F0BFCBC0054F345 /* Base */,
			);
			name = Main.storyboard;
			path = ..;
			sourceTree = "<group>";
		};
		D7ADB5821F0BFCBC0054F345 /* LaunchScreen.storyboard */ = {
			isa = PBXVariantGroup;
			children = (
				D7ADB5831F0BFCBC0054F345 /* Base */,
			);
			name = LaunchScreen.storyboard;
			path = ..;
			sourceTree = "<group>";
		};
/* End PBXVariantGroup section */

/* Begin XCBuildConfiguration section */
		D7ADB5861F0BFCBC0054F345 /* Debug */ = {
			isa = XCBuildConfiguration;
			buildSettings = {
				ALWAYS_SEARCH_USER_PATHS = NO;
				CLANG_ANALYZER_NONNULL = YES;
				CLANG_ANALYZER_NUMBER_OBJECT_CONVERSION = YES_AGGRESSIVE;
				CLANG_CXX_LANGUAGE_STANDARD = "gnu++14";
				CLANG_CXX_LIBRARY = "libc++";
				CLANG_ENABLE_MODULES = YES;
				CLANG_ENABLE_OBJC_ARC = YES;
				CLANG_WARN_BLOCK_CAPTURE_AUTORELEASING = YES;
				CLANG_WARN_BOOL_CONVERSION = YES;
				CLANG_WARN_COMMA = YES;
				CLANG_WARN_CONSTANT_CONVERSION = YES;
				CLANG_WARN_DIRECT_OBJC_ISA_USAGE = YES_ERROR;
				CLANG_WARN_DOCUMENTATION_COMMENTS = YES;
				CLANG_WARN_EMPTY_BODY = YES;
				CLANG_WARN_ENUM_CONVERSION = YES;
				CLANG_WARN_INFINITE_RECURSION = YES;
				CLANG_WARN_INT_CONVERSION = YES;
				CLANG_WARN_OBJC_ROOT_CLASS = YES_ERROR;
				CLANG_WARN_RANGE_LOOP_ANALYSIS = YES;
				CLANG_WARN_STRICT_PROTOTYPES = YES;
				CLANG_WARN_SUSPICIOUS_MOVE = YES;
				CLANG_WARN_UNGUARDED_AVAILABILITY = YES_AGGRESSIVE;
				CLANG_WARN_UNREACHABLE_CODE = YES;
				CLANG_WARN__DUPLICATE_METHOD_MATCH = YES;
				CODE_SIGN_IDENTITY = "iPhone Developer";
				COPY_PHASE_STRIP = NO;
				DEBUG_INFORMATION_FORMAT = dwarf;
				ENABLE_STRICT_OBJC_MSGSEND = YES;
				ENABLE_TESTABILITY = YES;
				GCC_C_LANGUAGE_STANDARD = gnu11;
				GCC_DYNAMIC_NO_PIC = NO;
				GCC_NO_COMMON_BLOCKS = YES;
				GCC_OPTIMIZATION_LEVEL = 0;
				GCC_PREPROCESSOR_DEFINITIONS = (
					"DEBUG=1",
					"$(inherited)",
				);
				GCC_WARN_64_TO_32_BIT_CONVERSION = YES;
				GCC_WARN_ABOUT_RETURN_TYPE = YES_ERROR;
				GCC_WARN_UNDECLARED_SELECTOR = YES;
				GCC_WARN_UNINITIALIZED_AUTOS = YES_AGGRESSIVE;
				GCC_WARN_UNUSED_FUNCTION = YES;
				GCC_WARN_UNUSED_VARIABLE = YES;
				IPHONEOS_DEPLOYMENT_TARGET = 11.0;
				MTL_ENABLE_DEBUG_INFO = YES;
				ONLY_ACTIVE_ARCH = YES;
				SDKROOT = iphoneos;
				SWIFT_ACTIVE_COMPILATION_CONDITIONS = DEBUG;
				SWIFT_OPTIMIZATION_LEVEL = "-Onone";
			};
			name = Debug;
		};
		D7ADB5871F0BFCBC0054F345 /* Release */ = {
			isa = XCBuildConfiguration;
			buildSettings = {
				ALWAYS_SEARCH_USER_PATHS = NO;
				CLANG_ANALYZER_NONNULL = YES;
				CLANG_ANALYZER_NUMBER_OBJECT_CONVERSION = YES_AGGRESSIVE;
				CLANG_CXX_LANGUAGE_STANDARD = "gnu++14";
				CLANG_CXX_LIBRARY = "libc++";
				CLANG_ENABLE_MODULES = YES;
				CLANG_ENABLE_OBJC_ARC = YES;
				CLANG_WARN_BLOCK_CAPTURE_AUTORELEASING = YES;
				CLANG_WARN_BOOL_CONVERSION = YES;
				CLANG_WARN_COMMA = YES;
				CLANG_WARN_CONSTANT_CONVERSION = YES;
				CLANG_WARN_DIRECT_OBJC_ISA_USAGE = YES_ERROR;
				CLANG_WARN_DOCUMENTATION_COMMENTS = YES;
				CLANG_WARN_EMPTY_BODY = YES;
				CLANG_WARN_ENUM_CONVERSION = YES;
				CLANG_WARN_INFINITE_RECURSION = YES;
				CLANG_WARN_INT_CONVERSION = YES;
				CLANG_WARN_OBJC_ROOT_CLASS = YES_ERROR;
				CLANG_WARN_RANGE_LOOP_ANALYSIS = YES;
				CLANG_WARN_STRICT_PROTOTYPES = YES;
				CLANG_WARN_SUSPICIOUS_MOVE = YES;
				CLANG_WARN_UNGUARDED_AVAILABILITY = YES_AGGRESSIVE;
				CLANG_WARN_UNREACHABLE_CODE = YES;
				CLANG_WARN__DUPLICATE_METHOD_MATCH = YES;
				CODE_SIGN_IDENTITY = "iPhone Developer";
				COPY_PHASE_STRIP = NO;
				DEBUG_INFORMATION_FORMAT = "dwarf-with-dsym";
				ENABLE_NS_ASSERTIONS = NO;
				ENABLE_STRICT_OBJC_MSGSEND = YES;
				GCC_C_LANGUAGE_STANDARD = gnu11;
				GCC_NO_COMMON_BLOCKS = YES;
				GCC_WARN_64_TO_32_BIT_CONVERSION = YES;
				GCC_WARN_ABOUT_RETURN_TYPE = YES_ERROR;
				GCC_WARN_UNDECLARED_SELECTOR = YES;
				GCC_WARN_UNINITIALIZED_AUTOS = YES_AGGRESSIVE;
				GCC_WARN_UNUSED_FUNCTION = YES;
				GCC_WARN_UNUSED_VARIABLE = YES;
				IPHONEOS_DEPLOYMENT_TARGET = 11.0;
				MTL_ENABLE_DEBUG_INFO = NO;
				SDKROOT = iphoneos;
				SWIFT_OPTIMIZATION_LEVEL = "-Owholemodule";
				VALIDATE_PRODUCT = YES;
			};
			name = Release;
		};
		D7ADB5891F0BFCBC0054F345 /* Debug */ = {
			isa = XCBuildConfiguration;
			buildSettings = {
				ASSETCATALOG_COMPILER_APPICON_NAME = AppIcon;
				DEVELOPMENT_TEAM = ABJU8Z7J96;
				INFOPLIST_FILE = "$(SRCROOT)/DogPanion/Info.plist";
				IPHONEOS_DEPLOYMENT_TARGET = 10.0;
				LD_RUNPATH_SEARCH_PATHS = "$(inherited) @executable_path/Frameworks";
				PRODUCT_BUNDLE_IDENTIFIER = rstoner.DogPanion;
				PRODUCT_NAME = "$(TARGET_NAME)";
				SWIFT_VERSION = 4.0;
				TARGETED_DEVICE_FAMILY = "1,2";
			};
			name = Debug;
		};
		D7ADB58A1F0BFCBC0054F345 /* Release */ = {
			isa = XCBuildConfiguration;
			buildSettings = {
				ASSETCATALOG_COMPILER_APPICON_NAME = AppIcon;
				DEVELOPMENT_TEAM = ABJU8Z7J96;
				INFOPLIST_FILE = "$(SRCROOT)/DogPanion/Info.plist";
				IPHONEOS_DEPLOYMENT_TARGET = 10.0;
				LD_RUNPATH_SEARCH_PATHS = "$(inherited) @executable_path/Frameworks";
				PRODUCT_BUNDLE_IDENTIFIER = rstoner.DogPanion;
				PRODUCT_NAME = "$(TARGET_NAME)";
				SWIFT_VERSION = 4.0;
				TARGETED_DEVICE_FAMILY = "1,2";
			};
			name = Release;
		};
/* End XCBuildConfiguration section */

/* Begin XCConfigurationList section */
		D7ADB56E1F0BFCBB0054F345 /* Build configuration list for PBXProject "DogPanion" */ = {
			isa = XCConfigurationList;
			buildConfigurations = (
				D7ADB5861F0BFCBC0054F345 /* Debug */,
				D7ADB5871F0BFCBC0054F345 /* Release */,
			);
			defaultConfigurationIsVisible = 0;
			defaultConfigurationName = Release;
		};
		D7ADB5881F0BFCBC0054F345 /* Build configuration list for PBXNativeTarget "DogPanion" */ = {
			isa = XCConfigurationList;
			buildConfigurations = (
				D7ADB5891F0BFCBC0054F345 /* Debug */,
				D7ADB58A1F0BFCBC0054F345 /* Release */,
			);
			defaultConfigurationIsVisible = 0;
			defaultConfigurationName = Release;
		};
/* End XCConfigurationList section */

/* Begin XCVersionGroup section */
		D7ADB57D1F0BFCBC0054F345 /* DogPanion.xcdatamodeld */ = {
			isa = XCVersionGroup;
			children = (
				D7ADB57E1F0BFCBC0054F345 /* DogPanion.xcdatamodel */,
			);
			currentVersion = D7ADB57E1F0BFCBC0054F345 /* DogPanion.xcdatamodel */;
			path = DogPanion.xcdatamodeld;
			sourceTree = "<group>";
			versionGroupType = wrapper.xcdatamodel;
		};
/* End XCVersionGroup section */
	};
	rootObject = D7ADB56B1F0BFCBB0054F345 /* Project object */;
}
